
Microsoft Visual Studio Solution File, Format Version 12.00
# Visual Studio Version 16
VisualStudioVersion = 16.0.29920.165
MinimumVisualStudioVersion = 10.0.40219.1
Project("{FAE04EC0-301F-11D3-BF4B-00C04F79EFBC}") = "GameCoCaro", "GameCoCaro\GameCoCaro.csproj", "{880C0069-8277-412E-8805-A1EF27F6EB7E}"
EndProject
Global
	GlobalSection(SolutionConfigurationPlatforms) = preSolution
		Debug|Any CPU = Debug|Any CPU
		Release|Any CPU = Release|Any CPU
	EndGlobalSection
	GlobalSection(ProjectConfigurationPlatforms) = postSolution
		{880C0069-8277-412E-8805-A1EF27F6EB7E}.Debug|Any CPU.ActiveCfg = Debug|Any CPU
		{880C0069-8277-412E-8805-A1EF27F6EB7E}.Debug|Any CPU.Build.0 = Debug|Any CPU
		{880C0069-8277-412E-8805-A1EF27F6EB7E}.Release|Any CPU.ActiveCfg = Release|Any CPU
		{880C0069-8277-412E-8805-A1EF27F6EB7E}.Release|Any CPU.Build.0 = Release|Any CPU
	EndGlobalSection
	GlobalSection(SolutionProperties) = preSolution
		HideSolutionNode = FALSE
	EndGlobalSection
	GlobalSection(ExtensibilityGlobals) = postSolution
		SolutionGuid = {14F33135-FD56-4F43-B9CD-91F2D4CE0319}
	EndGlobalSection
EndGlobal
